
Microsoft Visual Studio Solution File, Format Version 12.00
# Visual Studio 15
VisualStudioVersion = 15.0.27703.2026
MinimumVisualStudioVersion = 10.0.40219.1
Project("{FAE04EC0-301F-11D3-BF4B-00C04F79EFBC}") = "gimmegif.web.host", "gimmegif.web.host\gimmegif.web.host.csproj", "{BB67ECE3-3648-4193-AB04-712E91D325C7}"
EndProject
Global
	GlobalSection(SolutionConfigurationPlatforms) = preSolution
		Debug|Any CPU = Debug|Any CPU
		Release|Any CPU = Release|Any CPU
	EndGlobalSection
	GlobalSection(ProjectConfigurationPlatforms) = postSolution
		{BB67ECE3-3648-4193-AB04-712E91D325C7}.Debug|Any CPU.ActiveCfg = Debug|Any CPU
		{BB67ECE3-3648-4193-AB04-712E91D325C7}.Debug|Any CPU.Build.0 = Debug|Any CPU
		{BB67ECE3-3648-4193-AB04-712E91D325C7}.Release|Any CPU.ActiveCfg = Release|Any CPU
		{BB67ECE3-3648-4193-AB04-712E91D325C7}.Release|Any CPU.Build.0 = Release|Any CPU
	EndGlobalSection
	GlobalSection(SolutionProperties) = preSolution
		HideSolutionNode = FALSE
	EndGlobalSection
	GlobalSection(ExtensibilityGlobals) = postSolution
		SolutionGuid = {2D2376D0-815E-41D5-8B9B-188B9FFBCC6C}
	EndGlobalSection
	GlobalSection(TeamFoundationVersionControl) = preSolution
		SccNumberOfProjects = 2
		SccEnterpriseProvider = {4CA58AB2-18FA-4F8D-95D4-32DDF27D184C}
		SccTeamFoundationServer = https://gimmegif.visualstudio.com/
		SccLocalPath0 = .
		SccProjectUniqueName1 = gimmegif.web.host\\gimmegif.web.host.csproj
		SccProjectName1 = gimmegif.web.host
		SccLocalPath1 = gimmegif.web.host
	EndGlobalSection
EndGlobal
